// !$*UTF8*$!
{
	archiveVersion = 1;
	classes = {
	};
	objectVersion = 60;
	objects = {

/* Begin PBXBuildFile section */
		6D94E8EB2B5429E70037911E /* HomeScreenLoadingPlaceholder.swift in Sources */ = {isa = PBXBuildFile; fileRef = 6D94E8EA2B5429E70037911E /* HomeScreenLoadingPlaceholder.swift */; };
		6D94E8EE2B542BBA0037911E /* Shimmer in Frameworks */ = {isa = PBXBuildFile; productRef = 6D94E8ED2B542BBA0037911E /* Shimmer */; };
		6D94E8F02B542FA20037911E /* HomePageScreen.swift in Sources */ = {isa = PBXBuildFile; fileRef = 6D94E8EF2B542FA20037911E /* HomePageScreen.swift */; };
		6D94E8F32B5431590037911E /* Kingfisher in Frameworks */ = {isa = PBXBuildFile; productRef = 6D94E8F22B5431590037911E /* Kingfisher */; };
		6D94E8F72B543B6C0037911E /* PlaylistDetailScreen.swift in Sources */ = {isa = PBXBuildFile; fileRef = 6D94E8F62B543B6C0037911E /* PlaylistDetailScreen.swift */; };
		6D94E9002B5466270037911E /* FlowStacks in Frameworks */ = {isa = PBXBuildFile; productRef = 6D94E8FF2B5466270037911E /* FlowStacks */; };
		6D94E9022B5466340037911E /* Routes.swift in Sources */ = {isa = PBXBuildFile; fileRef = 6D94E9012B5466340037911E /* Routes.swift */; };
		6D94E9052B559C900037911E /* ListLoadingItem.swift in Sources */ = {isa = PBXBuildFile; fileRef = 6D94E9042B559C900037911E /* ListLoadingItem.swift */; };
		6D94E9072B559DA30037911E /* ListErrorItem.swift in Sources */ = {isa = PBXBuildFile; fileRef = 6D94E9062B559DA30037911E /* ListErrorItem.swift */; };
		6D94E90A2B55A5ED0037911E /* ViewExtensions.swift in Sources */ = {isa = PBXBuildFile; fileRef = 6D94E9092B55A5ED0037911E /* ViewExtensions.swift */; };
		6D94E90D2B55C5A70037911E /* ProgressIndicatorView in Frameworks */ = {isa = PBXBuildFile; productRef = 6D94E90C2B55C5A70037911E /* ProgressIndicatorView */; };
		6D94E9112B55CB140037911E /* AlbumDetailScreen.swift in Sources */ = {isa = PBXBuildFile; fileRef = 6D94E9102B55CB140037911E /* AlbumDetailScreen.swift */; };
		6DDF6A3A2B51C61C00B523D6 /* IosApp.swift in Sources */ = {isa = PBXBuildFile; fileRef = 6DDF6A392B51C61C00B523D6 /* IosApp.swift */; };
		6DDF6A3E2B51C61E00B523D6 /* Assets.xcassets in Resources */ = {isa = PBXBuildFile; fileRef = 6DDF6A3D2B51C61E00B523D6 /* Assets.xcassets */; };
		6DDF6A412B51C61E00B523D6 /* Preview Assets.xcassets in Resources */ = {isa = PBXBuildFile; fileRef = 6DDF6A402B51C61E00B523D6 /* Preview Assets.xcassets */; };
		6DDF6A4B2B51C61E00B523D6 /* IosTests.swift in Sources */ = {isa = PBXBuildFile; fileRef = 6DDF6A4A2B51C61E00B523D6 /* IosTests.swift */; };
		6DDF6A552B51C61E00B523D6 /* IosUITests.swift in Sources */ = {isa = PBXBuildFile; fileRef = 6DDF6A542B51C61E00B523D6 /* IosUITests.swift */; };
		6DDF6A572B51C61E00B523D6 /* IosUITestsLaunchTests.swift in Sources */ = {isa = PBXBuildFile; fileRef = 6DDF6A562B51C61E00B523D6 /* IosUITestsLaunchTests.swift */; };
		96872C2BEB48581621465B15 /* Pods_Ios.framework in Frameworks */ = {isa = PBXBuildFile; fileRef = 5BB434876916D96227FF05D9 /* Pods_Ios.framework */; };
/* End PBXBuildFile section */

/* Begin PBXContainerItemProxy section */
		6DDF6A472B51C61E00B523D6 /* PBXContainerItemProxy */ = {
			isa = PBXContainerItemProxy;
			containerPortal = 6DDF6A2E2B51C61C00B523D6 /* Project object */;
			proxyType = 1;
			remoteGlobalIDString = 6DDF6A352B51C61C00B523D6;
			remoteInfo = Ios;
		};
		6DDF6A512B51C61E00B523D6 /* PBXContainerItemProxy */ = {
			isa = PBXContainerItemProxy;
			containerPortal = 6DDF6A2E2B51C61C00B523D6 /* Project object */;
			proxyType = 1;
			remoteGlobalIDString = 6DDF6A352B51C61C00B523D6;
			remoteInfo = Ios;
		};
/* End PBXContainerItemProxy section */

/* Begin PBXFileReference section */
		1B4CFA97726EB7B514D31622 /* Pods-Ios.debug.xcconfig */ = {isa = PBXFileReference; includeInIndex = 1; lastKnownFileType = text.xcconfig; name = "Pods-Ios.debug.xcconfig"; path = "Target Support Files/Pods-Ios/Pods-Ios.debug.xcconfig"; sourceTree = "<group>"; };
		5BB434876916D96227FF05D9 /* Pods_Ios.framework */ = {isa = PBXFileReference; explicitFileType = wrapper.framework; includeInIndex = 0; path = Pods_Ios.framework; sourceTree = BUILT_PRODUCTS_DIR; };
		6D94E8EA2B5429E70037911E /* HomeScreenLoadingPlaceholder.swift */ = {isa = PBXFileReference; lastKnownFileType = sourcecode.swift; path = HomeScreenLoadingPlaceholder.swift; sourceTree = "<group>"; };
		6D94E8EF2B542FA20037911E /* HomePageScreen.swift */ = {isa = PBXFileReference; lastKnownFileType = sourcecode.swift; path = HomePageScreen.swift; sourceTree = "<group>"; };
		6D94E8F62B543B6C0037911E /* PlaylistDetailScreen.swift */ = {isa = PBXFileReference; lastKnownFileType = sourcecode.swift; path = PlaylistDetailScreen.swift; sourceTree = "<group>"; };
		6D94E9012B5466340037911E /* Routes.swift */ = {isa = PBXFileReference; lastKnownFileType = sourcecode.swift; path = Routes.swift; sourceTree = "<group>"; };
		6D94E9042B559C900037911E /* ListLoadingItem.swift */ = {isa = PBXFileReference; lastKnownFileType = sourcecode.swift; path = ListLoadingItem.swift; sourceTree = "<group>"; };
		6D94E9062B559DA30037911E /* ListErrorItem.swift */ = {isa = PBXFileReference; lastKnownFileType = sourcecode.swift; path = ListErrorItem.swift; sourceTree = "<group>"; };
		6D94E9092B55A5ED0037911E /* ViewExtensions.swift */ = {isa = PBXFileReference; lastKnownFileType = sourcecode.swift; path = ViewExtensions.swift; sourceTree = "<group>"; };
		6D94E9102B55CB140037911E /* AlbumDetailScreen.swift */ = {isa = PBXFileReference; lastKnownFileType = sourcecode.swift; path = AlbumDetailScreen.swift; sourceTree = "<group>"; };
		6DDF6A362B51C61C00B523D6 /* Ios.app */ = {isa = PBXFileReference; explicitFileType = wrapper.application; includeInIndex = 0; path = Ios.app; sourceTree = BUILT_PRODUCTS_DIR; };
		6DDF6A392B51C61C00B523D6 /* IosApp.swift */ = {isa = PBXFileReference; lastKnownFileType = sourcecode.swift; path = IosApp.swift; sourceTree = "<group>"; };
		6DDF6A3D2B51C61E00B523D6 /* Assets.xcassets */ = {isa = PBXFileReference; lastKnownFileType = folder.assetcatalog; path = Assets.xcassets; sourceTree = "<group>"; };
		6DDF6A402B51C61E00B523D6 /* Preview Assets.xcassets */ = {isa = PBXFileReference; lastKnownFileType = folder.assetcatalog; path = "Preview Assets.xcassets"; sourceTree = "<group>"; };
		6DDF6A462B51C61E00B523D6 /* IosTests.xctest */ = {isa = PBXFileReference; explicitFileType = wrapper.cfbundle; includeInIndex = 0; path = IosTests.xctest; sourceTree = BUILT_PRODUCTS_DIR; };
		6DDF6A4A2B51C61E00B523D6 /* IosTests.swift */ = {isa = PBXFileReference; lastKnownFileType = sourcecode.swift; path = IosTests.swift; sourceTree = "<group>"; };
		6DDF6A502B51C61E00B523D6 /* IosUITests.xctest */ = {isa = PBXFileReference; explicitFileType = wrapper.cfbundle; includeInIndex = 0; path = IosUITests.xctest; sourceTree = BUILT_PRODUCTS_DIR; };
		6DDF6A542B51C61E00B523D6 /* IosUITests.swift */ = {isa = PBXFileReference; lastKnownFileType = sourcecode.swift; path = IosUITests.swift; sourceTree = "<group>"; };
		6DDF6A562B51C61E00B523D6 /* IosUITestsLaunchTests.swift */ = {isa = PBXFileReference; lastKnownFileType = sourcecode.swift; path = IosUITestsLaunchTests.swift; sourceTree = "<group>"; };
		BDEDB502426B63C53A1546C8 /* Pods-Ios.release.xcconfig */ = {isa = PBXFileReference; includeInIndex = 1; lastKnownFileType = text.xcconfig; name = "Pods-Ios.release.xcconfig"; path = "Target Support Files/Pods-Ios/Pods-Ios.release.xcconfig"; sourceTree = "<group>"; };
/* End PBXFileReference section */

/* Begin PBXFrameworksBuildPhase section */
		6DDF6A332B51C61C00B523D6 /* Frameworks */ = {
			isa = PBXFrameworksBuildPhase;
			buildActionMask = 2147483647;
			files = (
				6D94E8F32B5431590037911E /* Kingfisher in Frameworks */,
				6D94E8EE2B542BBA0037911E /* Shimmer in Frameworks */,
				96872C2BEB48581621465B15 /* Pods_Ios.framework in Frameworks */,
				6D94E9002B5466270037911E /* FlowStacks in Frameworks */,
				6D94E90D2B55C5A70037911E /* ProgressIndicatorView in Frameworks */,
			);
			runOnlyForDeploymentPostprocessing = 0;
		};
		6DDF6A432B51C61E00B523D6 /* Frameworks */ = {
			isa = PBXFrameworksBuildPhase;
			buildActionMask = 2147483647;
			files = (
			);
			runOnlyForDeploymentPostprocessing = 0;
		};
		6DDF6A4D2B51C61E00B523D6 /* Frameworks */ = {
			isa = PBXFrameworksBuildPhase;
			buildActionMask = 2147483647;
			files = (
			);
			runOnlyForDeploymentPostprocessing = 0;
		};
/* End PBXFrameworksBuildPhase section */

/* Begin PBXGroup section */
		6D94E8E72B5429A80037911E /* feature-homepage */ = {
			isa = PBXGroup;
			children = (
				6D94E8E82B5429CB0037911E /* ui */,
			);
			path = "feature-homepage";
			sourceTree = "<group>";
		};
		6D94E8E82B5429CB0037911E /* ui */ = {
			isa = PBXGroup;
			children = (
				6D94E8EA2B5429E70037911E /* HomeScreenLoadingPlaceholder.swift */,
				6D94E8EF2B542FA20037911E /* HomePageScreen.swift */,
			);
			path = ui;
			sourceTree = "<group>";
		};
		6D94E8F42B543B240037911E /* feature-playlist-detail */ = {
			isa = PBXGroup;
			children = (
				6D94E8F52B543B300037911E /* ui */,
			);
			path = "feature-playlist-detail";
			sourceTree = "<group>";
		};
		6D94E8F52B543B300037911E /* ui */ = {
			isa = PBXGroup;
			children = (
				6D94E8F62B543B6C0037911E /* PlaylistDetailScreen.swift */,
			);
			path = ui;
			sourceTree = "<group>";
		};
		6D94E9032B559C860037911E /* core-ui */ = {
			isa = PBXGroup;
			children = (
				6D94E9082B55A5D90037911E /* extensions */,
				6D94E9042B559C900037911E /* ListLoadingItem.swift */,
				6D94E9062B559DA30037911E /* ListErrorItem.swift */,
			);
			path = "core-ui";
			sourceTree = "<group>";
		};
		6D94E9082B55A5D90037911E /* extensions */ = {
			isa = PBXGroup;
			children = (
				6D94E9092B55A5ED0037911E /* ViewExtensions.swift */,
			);
			path = extensions;
			sourceTree = "<group>";
		};
		6D94E90E2B55CAEF0037911E /* feature-album-detail */ = {
			isa = PBXGroup;
			children = (
				6D94E90F2B55CB040037911E /* ui */,
			);
			path = "feature-album-detail";
			sourceTree = "<group>";
		};
		6D94E90F2B55CB040037911E /* ui */ = {
			isa = PBXGroup;
			children = (
				6D94E9102B55CB140037911E /* AlbumDetailScreen.swift */,
			);
			path = ui;
			sourceTree = "<group>";
		};
		6DDF6A2D2B51C61C00B523D6 = {
			isa = PBXGroup;
			children = (
				6DDF6A382B51C61C00B523D6 /* Ios */,
				6DDF6A492B51C61E00B523D6 /* IosTests */,
				6DDF6A532B51C61E00B523D6 /* IosUITests */,
				6DDF6A372B51C61C00B523D6 /* Products */,
				E5D31D2B18ECC1781E266045 /* Pods */,
				D6C8DA7005E57B784D68BBC9 /* Frameworks */,
			);
			sourceTree = "<group>";
		};
		6DDF6A372B51C61C00B523D6 /* Products */ = {
			isa = PBXGroup;
			children = (
				6DDF6A362B51C61C00B523D6 /* Ios.app */,
				6DDF6A462B51C61E00B523D6 /* IosTests.xctest */,
				6DDF6A502B51C61E00B523D6 /* IosUITests.xctest */,
			);
			name = Products;
			sourceTree = "<group>";
		};
		6DDF6A382B51C61C00B523D6 /* Ios */ = {
			isa = PBXGroup;
			children = (
				6D94E90E2B55CAEF0037911E /* feature-album-detail */,
				6D94E9032B559C860037911E /* core-ui */,
				6D94E8F42B543B240037911E /* feature-playlist-detail */,
				6D94E8E72B5429A80037911E /* feature-homepage */,
				6DDF6A392B51C61C00B523D6 /* IosApp.swift */,
				6DDF6A3D2B51C61E00B523D6 /* Assets.xcassets */,
				6DDF6A3F2B51C61E00B523D6 /* Preview Content */,
				6D94E9012B5466340037911E /* Routes.swift */,
			);
			path = Ios;
			sourceTree = "<group>";
		};
		6DDF6A3F2B51C61E00B523D6 /* Preview Content */ = {
			isa = PBXGroup;
			children = (
				6DDF6A402B51C61E00B523D6 /* Preview Assets.xcassets */,
			);
			path = "Preview Content";
			sourceTree = "<group>";
		};
		6DDF6A492B51C61E00B523D6 /* IosTests */ = {
			isa = PBXGroup;
			children = (
				6DDF6A4A2B51C61E00B523D6 /* IosTests.swift */,
			);
			path = IosTests;
			sourceTree = "<group>";
		};
		6DDF6A532B51C61E00B523D6 /* IosUITests */ = {
			isa = PBXGroup;
			children = (
				6DDF6A542B51C61E00B523D6 /* IosUITests.swift */,
				6DDF6A562B51C61E00B523D6 /* IosUITestsLaunchTests.swift */,
			);
			path = IosUITests;
			sourceTree = "<group>";
		};
		D6C8DA7005E57B784D68BBC9 /* Frameworks */ = {
			isa = PBXGroup;
			children = (
				5BB434876916D96227FF05D9 /* Pods_Ios.framework */,
			);
			name = Frameworks;
			sourceTree = "<group>";
		};
		E5D31D2B18ECC1781E266045 /* Pods */ = {
			isa = PBXGroup;
			children = (
				1B4CFA97726EB7B514D31622 /* Pods-Ios.debug.xcconfig */,
				BDEDB502426B63C53A1546C8 /* Pods-Ios.release.xcconfig */,
			);
			path = Pods;
			sourceTree = "<group>";
		};
/* End PBXGroup section */

/* Begin PBXNativeTarget section */
		6DDF6A352B51C61C00B523D6 /* Ios */ = {
			isa = PBXNativeTarget;
			buildConfigurationList = 6DDF6A5A2B51C61E00B523D6 /* Build configuration list for PBXNativeTarget "Ios" */;
			buildPhases = (
				2DD0240802968732F43EFB00 /* [CP] Check Pods Manifest.lock */,
				6DDF6A322B51C61C00B523D6 /* Sources */,
				6DDF6A332B51C61C00B523D6 /* Frameworks */,
				6DDF6A342B51C61C00B523D6 /* Resources */,
			);
			buildRules = (
			);
			dependencies = (
			);
			name = Ios;
			packageProductDependencies = (
				6D94E8ED2B542BBA0037911E /* Shimmer */,
				6D94E8F22B5431590037911E /* Kingfisher */,
				6D94E8FF2B5466270037911E /* FlowStacks */,
				6D94E90C2B55C5A70037911E /* ProgressIndicatorView */,
			);
			productName = Ios;
			productReference = 6DDF6A362B51C61C00B523D6 /* Ios.app */;
			productType = "com.apple.product-type.application";
		};
		6DDF6A452B51C61E00B523D6 /* IosTests */ = {
			isa = PBXNativeTarget;
			buildConfigurationList = 6DDF6A5D2B51C61E00B523D6 /* Build configuration list for PBXNativeTarget "IosTests" */;
			buildPhases = (
				6DDF6A422B51C61E00B523D6 /* Sources */,
				6DDF6A432B51C61E00B523D6 /* Frameworks */,
				6DDF6A442B51C61E00B523D6 /* Resources */,
			);
			buildRules = (
			);
			dependencies = (
				6DDF6A482B51C61E00B523D6 /* PBXTargetDependency */,
			);
			name = IosTests;
			productName = IosTests;
			productReference = 6DDF6A462B51C61E00B523D6 /* IosTests.xctest */;
			productType = "com.apple.product-type.bundle.unit-test";
		};
		6DDF6A4F2B51C61E00B523D6 /* IosUITests */ = {
			isa = PBXNativeTarget;
			buildConfigurationList = 6DDF6A602B51C61E00B523D6 /* Build configuration list for PBXNativeTarget "IosUITests" */;
			buildPhases = (
				6DDF6A4C2B51C61E00B523D6 /* Sources */,
				6DDF6A4D2B51C61E00B523D6 /* Frameworks */,
				6DDF6A4E2B51C61E00B523D6 /* Resources */,
			);
			buildRules = (
			);
			dependencies = (
				6DDF6A522B51C61E00B523D6 /* PBXTargetDependency */,
			);
			name = IosUITests;
			productName = IosUITests;
			productReference = 6DDF6A502B51C61E00B523D6 /* IosUITests.xctest */;
			productType = "com.apple.product-type.bundle.ui-testing";
		};
/* End PBXNativeTarget section */

/* Begin PBXProject section */
		6DDF6A2E2B51C61C00B523D6 /* Project object */ = {
			isa = PBXProject;
			attributes = {
				BuildIndependentTargetsInParallel = 1;
				LastSwiftUpdateCheck = 1520;
				LastUpgradeCheck = 1520;
				TargetAttributes = {
					6DDF6A352B51C61C00B523D6 = {
						CreatedOnToolsVersion = 15.2;
					};
					6DDF6A452B51C61E00B523D6 = {
						CreatedOnToolsVersion = 15.2;
						TestTargetID = 6DDF6A352B51C61C00B523D6;
					};
					6DDF6A4F2B51C61E00B523D6 = {
						CreatedOnToolsVersion = 15.2;
						TestTargetID = 6DDF6A352B51C61C00B523D6;
					};
				};
			};
			buildConfigurationList = 6DDF6A312B51C61C00B523D6 /* Build configuration list for PBXProject "Ios" */;
			compatibilityVersion = "Xcode 15.0";
			developmentRegion = en;
			hasScannedForEncodings = 0;
			knownRegions = (
				en,
				Base,
			);
			mainGroup = 6DDF6A2D2B51C61C00B523D6;
			packageReferences = (
				6D94E8EC2B542BB90037911E /* XCRemoteSwiftPackageReference "SwiftUI-Shimmer" */,
				6D94E8F12B5431590037911E /* XCRemoteSwiftPackageReference "Kingfisher" */,
				6D94E8FE2B5466270037911E /* XCRemoteSwiftPackageReference "FlowStacks" */,
				6D94E90B2B55C5A70037911E /* XCRemoteSwiftPackageReference "ProgressIndicatorView" */,
			);
			productRefGroup = 6DDF6A372B51C61C00B523D6 /* Products */;
			projectDirPath = "";
			projectRoot = "";
			targets = (
				6DDF6A352B51C61C00B523D6 /* Ios */,
				6DDF6A452B51C61E00B523D6 /* IosTests */,
				6DDF6A4F2B51C61E00B523D6 /* IosUITests */,
			);
		};
/* End PBXProject section */

/* Begin PBXResourcesBuildPhase section */
		6DDF6A342B51C61C00B523D6 /* Resources */ = {
			isa = PBXResourcesBuildPhase;
			buildActionMask = 2147483647;
			files = (
				6DDF6A412B51C61E00B523D6 /* Preview Assets.xcassets in Resources */,
				6DDF6A3E2B51C61E00B523D6 /* Assets.xcassets in Resources */,
			);
			runOnlyForDeploymentPostprocessing = 0;
		};
		6DDF6A442B51C61E00B523D6 /* Resources */ = {
			isa = PBXResourcesBuildPhase;
			buildActionMask = 2147483647;
			files = (
			);
			runOnlyForDeploymentPostprocessing = 0;
		};
		6DDF6A4E2B51C61E00B523D6 /* Resources */ = {
			isa = PBXResourcesBuildPhase;
			buildActionMask = 2147483647;
			files = (
			);
			runOnlyForDeploymentPostprocessing = 0;
		};
/* End PBXResourcesBuildPhase section */

/* Begin PBXShellScriptBuildPhase section */
		2DD0240802968732F43EFB00 /* [CP] Check Pods Manifest.lock */ = {
			isa = PBXShellScriptBuildPhase;
			buildActionMask = 2147483647;
			files = (
			);
			inputFileListPaths = (
			);
			inputPaths = (
				"${PODS_PODFILE_DIR_PATH}/Podfile.lock",
				"${PODS_ROOT}/Manifest.lock",
			);
			name = "[CP] Check Pods Manifest.lock";
			outputFileListPaths = (
			);
			outputPaths = (
				"$(DERIVED_FILE_DIR)/Pods-Ios-checkManifestLockResult.txt",
			);
			runOnlyForDeploymentPostprocessing = 0;
			shellPath = /bin/sh;
			shellScript = "diff \"${PODS_PODFILE_DIR_PATH}/Podfile.lock\" \"${PODS_ROOT}/Manifest.lock\" > /dev/null\nif [ $? != 0 ] ; then\n    # print error to STDERR\n    echo \"error: The sandbox is not in sync with the Podfile.lock. Run 'pod install' or update your CocoaPods installation.\" >&2\n    exit 1\nfi\n# This output is used by Xcode 'outputs' to avoid re-running this script phase.\necho \"SUCCESS\" > \"${SCRIPT_OUTPUT_FILE_0}\"\n";
			showEnvVarsInLog = 0;
		};
/* End PBXShellScriptBuildPhase section */

/* Begin PBXSourcesBuildPhase section */
		6DDF6A322B51C61C00B523D6 /* Sources */ = {
			isa = PBXSourcesBuildPhase;
			buildActionMask = 2147483647;
			files = (
				6D94E9022B5466340037911E /* Routes.swift in Sources */,
				6D94E8F02B542FA20037911E /* HomePageScreen.swift in Sources */,
				6D94E90A2B55A5ED0037911E /* ViewExtensions.swift in Sources */,
				6D94E8EB2B5429E70037911E /* HomeScreenLoadingPlaceholder.swift in Sources */,
				6D94E9072B559DA30037911E /* ListErrorItem.swift in Sources */,
				6D94E8F72B543B6C0037911E /* PlaylistDetailScreen.swift in Sources */,
				6D94E9112B55CB140037911E /* AlbumDetailScreen.swift in Sources */,
				6DDF6A3A2B51C61C00B523D6 /* IosApp.swift in Sources */,
				6D94E9052B559C900037911E /* ListLoadingItem.swift in Sources */,
			);
			runOnlyForDeploymentPostprocessing = 0;
		};
		6DDF6A422B51C61E00B523D6 /* Sources */ = {
			isa = PBXSourcesBuildPhase;
			buildActionMask = 2147483647;
			files = (
				6DDF6A4B2B51C61E00B523D6 /* IosTests.swift in Sources */,
			);
			runOnlyForDeploymentPostprocessing = 0;
		};
		6DDF6A4C2B51C61E00B523D6 /* Sources */ = {
			isa = PBXSourcesBuildPhase;
			buildActionMask = 2147483647;
			files = (
				6DDF6A572B51C61E00B523D6 /* IosUITestsLaunchTests.swift in Sources */,
				6DDF6A552B51C61E00B523D6 /* IosUITests.swift in Sources */,
			);
			runOnlyForDeploymentPostprocessing = 0;
		};
/* End PBXSourcesBuildPhase section */

/* Begin PBXTargetDependency section */
		6DDF6A482B51C61E00B523D6 /* PBXTargetDependency */ = {
			isa = PBXTargetDependency;
			target = 6DDF6A352B51C61C00B523D6 /* Ios */;
			targetProxy = 6DDF6A472B51C61E00B523D6 /* PBXContainerItemProxy */;
		};
		6DDF6A522B51C61E00B523D6 /* PBXTargetDependency */ = {
			isa = PBXTargetDependency;
			target = 6DDF6A352B51C61C00B523D6 /* Ios */;
			targetProxy = 6DDF6A512B51C61E00B523D6 /* PBXContainerItemProxy */;
		};
/* End PBXTargetDependency section */

/* Begin XCBuildConfiguration section */
		6DDF6A582B51C61E00B523D6 /* Debug */ = {
			isa = XCBuildConfiguration;
			buildSettings = {
				ALWAYS_SEARCH_USER_PATHS = NO;
				ASSETCATALOG_COMPILER_GENERATE_SWIFT_ASSET_SYMBOL_EXTENSIONS = YES;
				CLANG_ANALYZER_NONNULL = YES;
				CLANG_ANALYZER_NUMBER_OBJECT_CONVERSION = YES_AGGRESSIVE;
				CLANG_CXX_LANGUAGE_STANDARD = "gnu++20";
				CLANG_ENABLE_MODULES = YES;
				CLANG_ENABLE_OBJC_ARC = YES;
				CLANG_ENABLE_OBJC_WEAK = YES;
				CLANG_WARN_BLOCK_CAPTURE_AUTORELEASING = YES;
				CLANG_WARN_BOOL_CONVERSION = YES;
				CLANG_WARN_COMMA = YES;
				CLANG_WARN_CONSTANT_CONVERSION = YES;
				CLANG_WARN_DEPRECATED_OBJC_IMPLEMENTATIONS = YES;
				CLANG_WARN_DIRECT_OBJC_ISA_USAGE = YES_ERROR;
				CLANG_WARN_DOCUMENTATION_COMMENTS = YES;
				CLANG_WARN_EMPTY_BODY = YES;
				CLANG_WARN_ENUM_CONVERSION = YES;
				CLANG_WARN_INFINITE_RECURSION = YES;
				CLANG_WARN_INT_CONVERSION = YES;
				CLANG_WARN_NON_LITERAL_NULL_CONVERSION = YES;
				CLANG_WARN_OBJC_IMPLICIT_RETAIN_SELF = YES;
				CLANG_WARN_OBJC_LITERAL_CONVERSION = YES;
				CLANG_WARN_OBJC_ROOT_CLASS = YES_ERROR;
				CLANG_WARN_QUOTED_INCLUDE_IN_FRAMEWORK_HEADER = YES;
				CLANG_WARN_RANGE_LOOP_ANALYSIS = YES;
				CLANG_WARN_STRICT_PROTOTYPES = YES;
				CLANG_WARN_SUSPICIOUS_MOVE = YES;
				CLANG_WARN_UNGUARDED_AVAILABILITY = YES_AGGRESSIVE;
				CLANG_WARN_UNREACHABLE_CODE = YES;
				CLANG_WARN__DUPLICATE_METHOD_MATCH = YES;
				COPY_PHASE_STRIP = NO;
				DEBUG_INFORMATION_FORMAT = dwarf;
				ENABLE_STRICT_OBJC_MSGSEND = YES;
				ENABLE_TESTABILITY = YES;
				ENABLE_USER_SCRIPT_SANDBOXING = YES;
				GCC_C_LANGUAGE_STANDARD = gnu17;
				GCC_DYNAMIC_NO_PIC = NO;
				GCC_NO_COMMON_BLOCKS = YES;
				GCC_OPTIMIZATION_LEVEL = 0;
				GCC_PREPROCESSOR_DEFINITIONS = (
					"DEBUG=1",
					"$(inherited)",
				);
				GCC_WARN_64_TO_32_BIT_CONVERSION = YES;
				GCC_WARN_ABOUT_RETURN_TYPE = YES_ERROR;
				GCC_WARN_UNDECLARED_SELECTOR = YES;
				GCC_WARN_UNINITIALIZED_AUTOS = YES_AGGRESSIVE;
				GCC_WARN_UNUSED_FUNCTION = YES;
				GCC_WARN_UNUSED_VARIABLE = YES;
				IPHONEOS_DEPLOYMENT_TARGET = 17.2;
				LOCALIZATION_PREFERS_STRING_CATALOGS = YES;
				MTL_ENABLE_DEBUG_INFO = INCLUDE_SOURCE;
				MTL_FAST_MATH = YES;
				ONLY_ACTIVE_ARCH = YES;
				SDKROOT = iphoneos;
				SWIFT_ACTIVE_COMPILATION_CONDITIONS = "DEBUG $(inherited)";
				SWIFT_OPTIMIZATION_LEVEL = "-Onone";
			};
			name = Debug;
		};
		6DDF6A592B51C61E00B523D6 /* Release */ = {
			isa = XCBuildConfiguration;
			buildSettings = {
				ALWAYS_SEARCH_USER_PATHS = NO;
				ASSETCATALOG_COMPILER_GENERATE_SWIFT_ASSET_SYMBOL_EXTENSIONS = YES;
				CLANG_ANALYZER_NONNULL = YES;
				CLANG_ANALYZER_NUMBER_OBJECT_CONVERSION = YES_AGGRESSIVE;
				CLANG_CXX_LANGUAGE_STANDARD = "gnu++20";
				CLANG_ENABLE_MODULES = YES;
				CLANG_ENABLE_OBJC_ARC = YES;
				CLANG_ENABLE_OBJC_WEAK = YES;
				CLANG_WARN_BLOCK_CAPTURE_AUTORELEASING = YES;
				CLANG_WARN_BOOL_CONVERSION = YES;
				CLANG_WARN_COMMA = YES;
				CLANG_WARN_CONSTANT_CONVERSION = YES;
				CLANG_WARN_DEPRECATED_OBJC_IMPLEMENTATIONS = YES;
				CLANG_WARN_DIRECT_OBJC_ISA_USAGE = YES_ERROR;
				CLANG_WARN_DOCUMENTATION_COMMENTS = YES;
				CLANG_WARN_EMPTY_BODY = YES;
				CLANG_WARN_ENUM_CONVERSION = YES;
				CLANG_WARN_INFINITE_RECURSION = YES;
				CLANG_WARN_INT_CONVERSION = YES;
				CLANG_WARN_NON_LITERAL_NULL_CONVERSION = YES;
				CLANG_WARN_OBJC_IMPLICIT_RETAIN_SELF = YES;
				CLANG_WARN_OBJC_LITERAL_CONVERSION = YES;
				CLANG_WARN_OBJC_ROOT_CLASS = YES_ERROR;
				CLANG_WARN_QUOTED_INCLUDE_IN_FRAMEWORK_HEADER = YES;
				CLANG_WARN_RANGE_LOOP_ANALYSIS = YES;
				CLANG_WARN_STRICT_PROTOTYPES = YES;
				CLANG_WARN_SUSPICIOUS_MOVE = YES;
				CLANG_WARN_UNGUARDED_AVAILABILITY = YES_AGGRESSIVE;
				CLANG_WARN_UNREACHABLE_CODE = YES;
				CLANG_WARN__DUPLICATE_METHOD_MATCH = YES;
				COPY_PHASE_STRIP = NO;
				DEBUG_INFORMATION_FORMAT = "dwarf-with-dsym";
				ENABLE_NS_ASSERTIONS = NO;
				ENABLE_STRICT_OBJC_MSGSEND = YES;
				ENABLE_USER_SCRIPT_SANDBOXING = YES;
				GCC_C_LANGUAGE_STANDARD = gnu17;
				GCC_NO_COMMON_BLOCKS = YES;
				GCC_WARN_64_TO_32_BIT_CONVERSION = YES;
				GCC_WARN_ABOUT_RETURN_TYPE = YES_ERROR;
				GCC_WARN_UNDECLARED_SELECTOR = YES;
				GCC_WARN_UNINITIALIZED_AUTOS = YES_AGGRESSIVE;
				GCC_WARN_UNUSED_FUNCTION = YES;
				GCC_WARN_UNUSED_VARIABLE = YES;
				IPHONEOS_DEPLOYMENT_TARGET = 17.2;
				LOCALIZATION_PREFERS_STRING_CATALOGS = YES;
				MTL_ENABLE_DEBUG_INFO = NO;
				MTL_FAST_MATH = YES;
				SDKROOT = iphoneos;
				SWIFT_COMPILATION_MODE = wholemodule;
				VALIDATE_PRODUCT = YES;
			};
			name = Release;
		};
		6DDF6A5B2B51C61E00B523D6 /* Debug */ = {
			isa = XCBuildConfiguration;
			baseConfigurationReference = 1B4CFA97726EB7B514D31622 /* Pods-Ios.debug.xcconfig */;
			buildSettings = {
				ASSETCATALOG_COMPILER_APPICON_NAME = AppIcon;
				ASSETCATALOG_COMPILER_GLOBAL_ACCENT_COLOR_NAME = AccentColor;
				CODE_SIGN_STYLE = Automatic;
				CURRENT_PROJECT_VERSION = 1;
				DEVELOPMENT_ASSET_PATHS = "\"Ios/Preview Content\"";
				DEVELOPMENT_TEAM = 8AHL5BLX3K;
				ENABLE_PREVIEWS = YES;
				GENERATE_INFOPLIST_FILE = YES;
				INFOPLIST_KEY_LSApplicationCategoryType = "public.app-category.education";
				INFOPLIST_KEY_UIApplicationSceneManifest_Generation = YES;
				INFOPLIST_KEY_UIApplicationSupportsIndirectInputEvents = YES;
				INFOPLIST_KEY_UILaunchScreen_Generation = YES;
				INFOPLIST_KEY_UISupportedInterfaceOrientations_iPad = "UIInterfaceOrientationPortrait UIInterfaceOrientationPortraitUpsideDown UIInterfaceOrientationLandscapeLeft UIInterfaceOrientationLandscapeRight";
				INFOPLIST_KEY_UISupportedInterfaceOrientations_iPhone = "UIInterfaceOrientationPortrait UIInterfaceOrientationLandscapeLeft UIInterfaceOrientationLandscapeRight";
				IPHONEOS_DEPLOYMENT_TARGET = 15.0;
				LD_RUNPATH_SEARCH_PATHS = (
					"$(inherited)",
					"@executable_path/Frameworks",
				);
				MARKETING_VERSION = 1.0;
				PRODUCT_BUNDLE_IDENTIFIER = com.spotify.app.kmp.Ios;
				PRODUCT_NAME = "$(TARGET_NAME)";
				SWIFT_EMIT_LOC_STRINGS = YES;
				SWIFT_VERSION = 5.0;
				TARGETED_DEVICE_FAMILY = "1,2";
			};
			name = Debug;
		};
		6DDF6A5C2B51C61E00B523D6 /* Release */ = {
			isa = XCBuildConfiguration;
			baseConfigurationReference = BDEDB502426B63C53A1546C8 /* Pods-Ios.release.xcconfig */;
			buildSettings = {
				ASSETCATALOG_COMPILER_APPICON_NAME = AppIcon;
				ASSETCATALOG_COMPILER_GLOBAL_ACCENT_COLOR_NAME = AccentColor;
				CODE_SIGN_STYLE = Automatic;
				CURRENT_PROJECT_VERSION = 1;
				DEVELOPMENT_ASSET_PATHS = "\"Ios/Preview Content\"";
				DEVELOPMENT_TEAM = 8AHL5BLX3K;
				ENABLE_PREVIEWS = YES;
				GENERATE_INFOPLIST_FILE = YES;
				INFOPLIST_KEY_LSApplicationCategoryType = "public.app-category.education";
				INFOPLIST_KEY_UIApplicationSceneManifest_Generation = YES;
				INFOPLIST_KEY_UIApplicationSupportsIndirectInputEvents = YES;
				INFOPLIST_KEY_UILaunchScreen_Generation = YES;
				INFOPLIST_KEY_UISupportedInterfaceOrientations_iPad = "UIInterfaceOrientationPortrait UIInterfaceOrientationPortraitUpsideDown UIInterfaceOrientationLandscapeLeft UIInterfaceOrientationLandscapeRight";
				INFOPLIST_KEY_UISupportedInterfaceOrientations_iPhone = "UIInterfaceOrientationPortrait UIInterfaceOrientationLandscapeLeft UIInterfaceOrientationLandscapeRight";
				IPHONEOS_DEPLOYMENT_TARGET = 15.0;
				LD_RUNPATH_SEARCH_PATHS = (
					"$(inherited)",
					"@executable_path/Frameworks",
				);
				MARKETING_VERSION = 1.0;
				PRODUCT_BUNDLE_IDENTIFIER = com.spotify.app.kmp.Ios;
				PRODUCT_NAME = "$(TARGET_NAME)";
				SWIFT_EMIT_LOC_STRINGS = YES;
				SWIFT_VERSION = 5.0;
				TARGETED_DEVICE_FAMILY = "1,2";
			};
			name = Release;
		};
		6DDF6A5E2B51C61E00B523D6 /* Debug */ = {
			isa = XCBuildConfiguration;
			buildSettings = {
				ALWAYS_EMBED_SWIFT_STANDARD_LIBRARIES = YES;
				BUNDLE_LOADER = "$(TEST_HOST)";
				CODE_SIGN_STYLE = Automatic;
				CURRENT_PROJECT_VERSION = 1;
				DEVELOPMENT_TEAM = 8AHL5BLX3K;
				GENERATE_INFOPLIST_FILE = YES;
				IPHONEOS_DEPLOYMENT_TARGET = 17.2;
				MARKETING_VERSION = 1.0;
				PRODUCT_BUNDLE_IDENTIFIER = com.spotify.app.kmp.IosTests;
				PRODUCT_NAME = "$(TARGET_NAME)";
				SWIFT_EMIT_LOC_STRINGS = NO;
				SWIFT_VERSION = 5.0;
				TARGETED_DEVICE_FAMILY = "1,2";
				TEST_HOST = "$(BUILT_PRODUCTS_DIR)/Ios.app/$(BUNDLE_EXECUTABLE_FOLDER_PATH)/Ios";
			};
			name = Debug;
		};
		6DDF6A5F2B51C61E00B523D6 /* Release */ = {
			isa = XCBuildConfiguration;
			buildSettings = {
				ALWAYS_EMBED_SWIFT_STANDARD_LIBRARIES = YES;
				BUNDLE_LOADER = "$(TEST_HOST)";
				CODE_SIGN_STYLE = Automatic;
				CURRENT_PROJECT_VERSION = 1;
				DEVELOPMENT_TEAM = 8AHL5BLX3K;
				GENERATE_INFOPLIST_FILE = YES;
				IPHONEOS_DEPLOYMENT_TARGET = 17.2;
				MARKETING_VERSION = 1.0;
				PRODUCT_BUNDLE_IDENTIFIER = com.spotify.app.kmp.IosTests;
				PRODUCT_NAME = "$(TARGET_NAME)";
				SWIFT_EMIT_LOC_STRINGS = NO;
				SWIFT_VERSION = 5.0;
				TARGETED_DEVICE_FAMILY = "1,2";
				TEST_HOST = "$(BUILT_PRODUCTS_DIR)/Ios.app/$(BUNDLE_EXECUTABLE_FOLDER_PATH)/Ios";
			};
			name = Release;
		};
		6DDF6A612B51C61E00B523D6 /* Debug */ = {
			isa = XCBuildConfiguration;
			buildSettings = {
				ALWAYS_EMBED_SWIFT_STANDARD_LIBRARIES = YES;
				CODE_SIGN_STYLE = Automatic;
				CURRENT_PROJECT_VERSION = 1;
				DEVELOPMENT_TEAM = 8AHL5BLX3K;
				GENERATE_INFOPLIST_FILE = YES;
				MARKETING_VERSION = 1.0;
				PRODUCT_BUNDLE_IDENTIFIER = com.spotify.app.kmp.IosUITests;
				PRODUCT_NAME = "$(TARGET_NAME)";
				SWIFT_EMIT_LOC_STRINGS = NO;
				SWIFT_VERSION = 5.0;
				TARGETED_DEVICE_FAMILY = "1,2";
				TEST_TARGET_NAME = Ios;
			};
			name = Debug;
		};
		6DDF6A622B51C61E00B523D6 /* Release */ = {
			isa = XCBuildConfiguration;
			buildSettings = {
				ALWAYS_EMBED_SWIFT_STANDARD_LIBRARIES = YES;
				CODE_SIGN_STYLE = Automatic;
				CURRENT_PROJECT_VERSION = 1;
				DEVELOPMENT_TEAM = 8AHL5BLX3K;
				GENERATE_INFOPLIST_FILE = YES;
				MARKETING_VERSION = 1.0;
				PRODUCT_BUNDLE_IDENTIFIER = com.spotify.app.kmp.IosUITests;
				PRODUCT_NAME = "$(TARGET_NAME)";
				SWIFT_EMIT_LOC_STRINGS = NO;
				SWIFT_VERSION = 5.0;
				TARGETED_DEVICE_FAMILY = "1,2";
				TEST_TARGET_NAME = Ios;
			};
			name = Release;
		};
/* End XCBuildConfiguration section */

/* Begin XCConfigurationList section */
		6DDF6A312B51C61C00B523D6 /* Build configuration list for PBXProject "Ios" */ = {
			isa = XCConfigurationList;
			buildConfigurations = (
				6DDF6A582B51C61E00B523D6 /* Debug */,
				6DDF6A592B51C61E00B523D6 /* Release */,
			);
			defaultConfigurationIsVisible = 0;
			defaultConfigurationName = Release;
		};
		6DDF6A5A2B51C61E00B523D6 /* Build configuration list for PBXNativeTarget "Ios" */ = {
			isa = XCConfigurationList;
			buildConfigurations = (
				6DDF6A5B2B51C61E00B523D6 /* Debug */,
				6DDF6A5C2B51C61E00B523D6 /* Release */,
			);
			defaultConfigurationIsVisible = 0;
			defaultConfigurationName = Release;
		};
		6DDF6A5D2B51C61E00B523D6 /* Build configuration list for PBXNativeTarget "IosTests" */ = {
			isa = XCConfigurationList;
			buildConfigurations = (
				6DDF6A5E2B51C61E00B523D6 /* Debug */,
				6DDF6A5F2B51C61E00B523D6 /* Release */,
			);
			defaultConfigurationIsVisible = 0;
			defaultConfigurationName = Release;
		};
		6DDF6A602B51C61E00B523D6 /* Build configuration list for PBXNativeTarget "IosUITests" */ = {
			isa = XCConfigurationList;
			buildConfigurations = (
				6DDF6A612B51C61E00B523D6 /* Debug */,
				6DDF6A622B51C61E00B523D6 /* Release */,
			);
			defaultConfigurationIsVisible = 0;
			defaultConfigurationName = Release;
		};
/* End XCConfigurationList section */

/* Begin XCRemoteSwiftPackageReference section */
		6D94E8EC2B542BB90037911E /* XCRemoteSwiftPackageReference "SwiftUI-Shimmer" */ = {
			isa = XCRemoteSwiftPackageReference;
			repositoryURL = "https://github.com/markiv/SwiftUI-Shimmer";
			requirement = {
				kind = upToNextMajorVersion;
				minimumVersion = 1.4.0;
			};
		};
		6D94E8F12B5431590037911E /* XCRemoteSwiftPackageReference "Kingfisher" */ = {
			isa = XCRemoteSwiftPackageReference;
			repositoryURL = "https://github.com/onevcat/Kingfisher.git";
			requirement = {
				kind = upToNextMajorVersion;
				minimumVersion = 7.10.2;
			};
		};
		6D94E8FE2B5466270037911E /* XCRemoteSwiftPackageReference "FlowStacks" */ = {
			isa = XCRemoteSwiftPackageReference;
			repositoryURL = "https://github.com/johnpatrickmorgan/FlowStacks";
			requirement = {
				kind = upToNextMajorVersion;
				minimumVersion = 0.3.8;
			};
		};
		6D94E90B2B55C5A70037911E /* XCRemoteSwiftPackageReference "ProgressIndicatorView" */ = {
			isa = XCRemoteSwiftPackageReference;
			repositoryURL = "https://github.com/exyte/ProgressIndicatorView.git";
			requirement = {
				kind = upToNextMajorVersion;
				minimumVersion = 1.0.0;
			};
		};
/* End XCRemoteSwiftPackageReference section */

/* Begin XCSwiftPackageProductDependency section */
		6D94E8ED2B542BBA0037911E /* Shimmer */ = {
			isa = XCSwiftPackageProductDependency;
			package = 6D94E8EC2B542BB90037911E /* XCRemoteSwiftPackageReference "SwiftUI-Shimmer" */;
			productName = Shimmer;
		};
		6D94E8F22B5431590037911E /* Kingfisher */ = {
			isa = XCSwiftPackageProductDependency;
			package = 6D94E8F12B5431590037911E /* XCRemoteSwiftPackageReference "Kingfisher" */;
			productName = Kingfisher;
		};
		6D94E8FF2B5466270037911E /* FlowStacks */ = {
			isa = XCSwiftPackageProductDependency;
			package = 6D94E8FE2B5466270037911E /* XCRemoteSwiftPackageReference "FlowStacks" */;
			productName = FlowStacks;
		};
		6D94E90C2B55C5A70037911E /* ProgressIndicatorView */ = {
			isa = XCSwiftPackageProductDependency;
			package = 6D94E90B2B55C5A70037911E /* XCRemoteSwiftPackageReference "ProgressIndicatorView" */;
			productName = ProgressIndicatorView;
		};
/* End XCSwiftPackageProductDependency section */
	};
	rootObject = 6DDF6A2E2B51C61C00B523D6 /* Project object */;
}
